// !$*UTF8*$!
{
	archiveVersion = 1;
	classes = {
	};
	objectVersion = 55;
	objects = {

/* Begin PBXBuildFile section */
		1D099151278812AF000CF5C4 /* PhotoListViewController.swift in Sources */ = {isa = PBXBuildFile; fileRef = 1D099150278812AF000CF5C4 /* PhotoListViewController.swift */; };
		1D099155278837DE000CF5C4 /* CoordinatableViewModel.swift in Sources */ = {isa = PBXBuildFile; fileRef = 1D099154278837DE000CF5C4 /* CoordinatableViewModel.swift */; };
		1D0991572788381B000CF5C4 /* AnyCoordinator.swift in Sources */ = {isa = PBXBuildFile; fileRef = 1D0991562788381B000CF5C4 /* AnyCoordinator.swift */; };
		1D09915A27883AAB000CF5C4 /* PhotoListViewModel.swift in Sources */ = {isa = PBXBuildFile; fileRef = 1D09915927883AAB000CF5C4 /* PhotoListViewModel.swift */; };
		1D09915C27883AB6000CF5C4 /* PhotoListViewCoordinator.swift in Sources */ = {isa = PBXBuildFile; fileRef = 1D09915B27883AB6000CF5C4 /* PhotoListViewCoordinator.swift */; };
		1D09915E27884143000CF5C4 /* AppCoordinator.swift in Sources */ = {isa = PBXBuildFile; fileRef = 1D09915D27884143000CF5C4 /* AppCoordinator.swift */; };
		1D099161278843DE000CF5C4 /* UIControlPublisher.swift in Sources */ = {isa = PBXBuildFile; fileRef = 1D099160278843DE000CF5C4 /* UIControlPublisher.swift */; };
		1D099163278843FA000CF5C4 /* UIGestureRecognizerPublisher.swift in Sources */ = {isa = PBXBuildFile; fileRef = 1D099162278843FA000CF5C4 /* UIGestureRecognizerPublisher.swift */; };
		1DDCFAF727880EB200F5214A /* AppDelegate.swift in Sources */ = {isa = PBXBuildFile; fileRef = 1DDCFAF627880EB200F5214A /* AppDelegate.swift */; };
		1DDCFAF927880EB200F5214A /* SceneDelegate.swift in Sources */ = {isa = PBXBuildFile; fileRef = 1DDCFAF827880EB200F5214A /* SceneDelegate.swift */; };
		1DDCFB0027880EB300F5214A /* Assets.xcassets in Resources */ = {isa = PBXBuildFile; fileRef = 1DDCFAFF27880EB300F5214A /* Assets.xcassets */; };
		1DDCFB0327880EB300F5214A /* LaunchScreen.storyboard in Resources */ = {isa = PBXBuildFile; fileRef = 1DDCFB0127880EB300F5214A /* LaunchScreen.storyboard */; };
		1DE2D1542789E78600715D77 /* PhotoListCell.swift in Sources */ = {isa = PBXBuildFile; fileRef = 1DE2D1532789E78600715D77 /* PhotoListCell.swift */; };
		1DEC9710278DB6D4006EC302 /* Appearances.swift in Sources */ = {isa = PBXBuildFile; fileRef = 1DEC970F278DB6D4006EC302 /* Appearances.swift */; };
		6F4F17996CC8485F21D65B48 /* Pods_EveryMe.framework in Frameworks */ = {isa = PBXBuildFile; fileRef = 6463AAAD9514885B542AE1A2 /* Pods_EveryMe.framework */; };
/* End PBXBuildFile section */

/* Begin PBXFileReference section */
		1CFB19808633FD167704CD9C /* Pods-EveryMe.release.xcconfig */ = {isa = PBXFileReference; includeInIndex = 1; lastKnownFileType = text.xcconfig; name = "Pods-EveryMe.release.xcconfig"; path = "Target Support Files/Pods-EveryMe/Pods-EveryMe.release.xcconfig"; sourceTree = "<group>"; };
		1D099150278812AF000CF5C4 /* PhotoListViewController.swift */ = {isa = PBXFileReference; lastKnownFileType = sourcecode.swift; path = PhotoListViewController.swift; sourceTree = "<group>"; };
		1D099154278837DE000CF5C4 /* CoordinatableViewModel.swift */ = {isa = PBXFileReference; lastKnownFileType = sourcecode.swift; path = CoordinatableViewModel.swift; sourceTree = "<group>"; };
		1D0991562788381B000CF5C4 /* AnyCoordinator.swift */ = {isa = PBXFileReference; lastKnownFileType = sourcecode.swift; path = AnyCoordinator.swift; sourceTree = "<group>"; };
		1D09915927883AAB000CF5C4 /* PhotoListViewModel.swift */ = {isa = PBXFileReference; lastKnownFileType = sourcecode.swift; path = PhotoListViewModel.swift; sourceTree = "<group>"; };
		1D09915B27883AB6000CF5C4 /* PhotoListViewCoordinator.swift */ = {isa = PBXFileReference; lastKnownFileType = sourcecode.swift; path = PhotoListViewCoordinator.swift; sourceTree = "<group>"; };
		1D09915D27884143000CF5C4 /* AppCoordinator.swift */ = {isa = PBXFileReference; lastKnownFileType = sourcecode.swift; path = AppCoordinator.swift; sourceTree = "<group>"; };
		1D099160278843DE000CF5C4 /* UIControlPublisher.swift */ = {isa = PBXFileReference; lastKnownFileType = sourcecode.swift; path = UIControlPublisher.swift; sourceTree = "<group>"; };
		1D099162278843FA000CF5C4 /* UIGestureRecognizerPublisher.swift */ = {isa = PBXFileReference; lastKnownFileType = sourcecode.swift; path = UIGestureRecognizerPublisher.swift; sourceTree = "<group>"; };
		1DDCFAF327880EB200F5214A /* EveryMe.app */ = {isa = PBXFileReference; explicitFileType = wrapper.application; includeInIndex = 0; path = EveryMe.app; sourceTree = BUILT_PRODUCTS_DIR; };
		1DDCFAF627880EB200F5214A /* AppDelegate.swift */ = {isa = PBXFileReference; lastKnownFileType = sourcecode.swift; path = AppDelegate.swift; sourceTree = "<group>"; };
		1DDCFAF827880EB200F5214A /* SceneDelegate.swift */ = {isa = PBXFileReference; lastKnownFileType = sourcecode.swift; path = SceneDelegate.swift; sourceTree = "<group>"; };
		1DDCFAFF27880EB300F5214A /* Assets.xcassets */ = {isa = PBXFileReference; lastKnownFileType = folder.assetcatalog; path = Assets.xcassets; sourceTree = "<group>"; };
		1DDCFB0227880EB300F5214A /* Base */ = {isa = PBXFileReference; lastKnownFileType = file.storyboard; name = Base; path = Base.lproj/LaunchScreen.storyboard; sourceTree = "<group>"; };
		1DDCFB0427880EB300F5214A /* Info.plist */ = {isa = PBXFileReference; lastKnownFileType = text.plist.xml; path = Info.plist; sourceTree = "<group>"; };
		1DDCFB0A27880EC700F5214A /* README.md */ = {isa = PBXFileReference; lastKnownFileType = net.daringfireball.markdown; path = README.md; sourceTree = "<group>"; };
		1DE2D1532789E78600715D77 /* PhotoListCell.swift */ = {isa = PBXFileReference; lastKnownFileType = sourcecode.swift; path = PhotoListCell.swift; sourceTree = "<group>"; };
		1DEC970F278DB6D4006EC302 /* Appearances.swift */ = {isa = PBXFileReference; lastKnownFileType = sourcecode.swift; path = Appearances.swift; sourceTree = "<group>"; };
		6463AAAD9514885B542AE1A2 /* Pods_EveryMe.framework */ = {isa = PBXFileReference; explicitFileType = wrapper.framework; includeInIndex = 0; path = Pods_EveryMe.framework; sourceTree = BUILT_PRODUCTS_DIR; };
		AF9E39BD5F47B85334E49A1D /* Pods-EveryMe.debug.xcconfig */ = {isa = PBXFileReference; includeInIndex = 1; lastKnownFileType = text.xcconfig; name = "Pods-EveryMe.debug.xcconfig"; path = "Target Support Files/Pods-EveryMe/Pods-EveryMe.debug.xcconfig"; sourceTree = "<group>"; };
/* End PBXFileReference section */

/* Begin PBXFrameworksBuildPhase section */
		1DDCFAF027880EB200F5214A /* Frameworks */ = {
			isa = PBXFrameworksBuildPhase;
			buildActionMask = 2147483647;
			files = (
				6F4F17996CC8485F21D65B48 /* Pods_EveryMe.framework in Frameworks */,
			);
			runOnlyForDeploymentPostprocessing = 0;
		};
/* End PBXFrameworksBuildPhase section */

/* Begin PBXGroup section */
		1D099152278837C2000CF5C4 /* Common */ = {
			isa = PBXGroup;
			children = (
				1DEC970D278DB6C3006EC302 /* Constants */,
				1D099153278837D7000CF5C4 /* Coordinator */,
				1D09915F278843BD000CF5C4 /* CustomPublishers */,
			);
			path = Common;
			sourceTree = "<group>";
		};
		1D099153278837D7000CF5C4 /* Coordinator */ = {
			isa = PBXGroup;
			children = (
				1D0991562788381B000CF5C4 /* AnyCoordinator.swift */,
				1D099154278837DE000CF5C4 /* CoordinatableViewModel.swift */,
			);
			path = Coordinator;
			sourceTree = "<group>";
		};
		1D09915827883A90000CF5C4 /* PhotoListScene */ = {
			isa = PBXGroup;
			children = (
				1D09915B27883AB6000CF5C4 /* PhotoListViewCoordinator.swift */,
				1D099150278812AF000CF5C4 /* PhotoListViewController.swift */,
				1D09915927883AAB000CF5C4 /* PhotoListViewModel.swift */,
				1DE2D1532789E78600715D77 /* PhotoListCell.swift */,
			);
			path = PhotoListScene;
			sourceTree = "<group>";
		};
		1D09915F278843BD000CF5C4 /* CustomPublishers */ = {
			isa = PBXGroup;
			children = (
				1D099160278843DE000CF5C4 /* UIControlPublisher.swift */,
				1D099162278843FA000CF5C4 /* UIGestureRecognizerPublisher.swift */,
			);
			path = CustomPublishers;
			sourceTree = "<group>";
		};
		1DDCFAEA27880EB200F5214A = {
			isa = PBXGroup;
			children = (
				1DDCFB0A27880EC700F5214A /* README.md */,
				1DDCFAF527880EB200F5214A /* EveryMe */,
				1DDCFAF427880EB200F5214A /* Products */,
				20FB320A8552786EB18D3955 /* Pods */,
				7B73EA839859B28B6A33CD73 /* Frameworks */,
			);
			sourceTree = "<group>";
		};
		1DDCFAF427880EB200F5214A /* Products */ = {
			isa = PBXGroup;
			children = (
				1DDCFAF327880EB200F5214A /* EveryMe.app */,
			);
			name = Products;
			sourceTree = "<group>";
		};
		1DDCFAF527880EB200F5214A /* EveryMe */ = {
			isa = PBXGroup;
			children = (
				1DDCFB0C27880FB100F5214A /* Resources */,
				1D099152278837C2000CF5C4 /* Common */,
				1DDCFB0B27880F9200F5214A /* Application */,
				1D09915827883A90000CF5C4 /* PhotoListScene */,
			);
			path = EveryMe;
			sourceTree = "<group>";
		};
		1DDCFB0B27880F9200F5214A /* Application */ = {
			isa = PBXGroup;
			children = (
				1DDCFAF627880EB200F5214A /* AppDelegate.swift */,
				1D09915D27884143000CF5C4 /* AppCoordinator.swift */,
				1DDCFAF827880EB200F5214A /* SceneDelegate.swift */,
			);
			path = Application;
			sourceTree = "<group>";
		};
		1DDCFB0C27880FB100F5214A /* Resources */ = {
			isa = PBXGroup;
			children = (
				1DDCFAFF27880EB300F5214A /* Assets.xcassets */,
				1DDCFB0127880EB300F5214A /* LaunchScreen.storyboard */,
				1DDCFB0427880EB300F5214A /* Info.plist */,
			);
			path = Resources;
			sourceTree = "<group>";
		};
		1DEC970D278DB6C3006EC302 /* Constants */ = {
			isa = PBXGroup;
			children = (
				1DEC970F278DB6D4006EC302 /* Appearances.swift */,
			);
			path = Constants;
			sourceTree = "<group>";
		};
		20FB320A8552786EB18D3955 /* Pods */ = {
			isa = PBXGroup;
			children = (
				AF9E39BD5F47B85334E49A1D /* Pods-EveryMe.debug.xcconfig */,
				1CFB19808633FD167704CD9C /* Pods-EveryMe.release.xcconfig */,
			);
			path = Pods;
			sourceTree = "<group>";
		};
		7B73EA839859B28B6A33CD73 /* Frameworks */ = {
			isa = PBXGroup;
			children = (
				6463AAAD9514885B542AE1A2 /* Pods_EveryMe.framework */,
			);
			name = Frameworks;
			sourceTree = "<group>";
		};
/* End PBXGroup section */

/* Begin PBXNativeTarget section */
		1DDCFAF227880EB200F5214A /* EveryMe */ = {
			isa = PBXNativeTarget;
			buildConfigurationList = 1DDCFB0727880EB300F5214A /* Build configuration list for PBXNativeTarget "EveryMe" */;
			buildPhases = (
				152A51D498A06F2970BF80C0 /* [CP] Check Pods Manifest.lock */,
				1DDCFAEF27880EB200F5214A /* Sources */,
				1DDCFAF027880EB200F5214A /* Frameworks */,
				1DDCFAF127880EB200F5214A /* Resources */,
				0FA3E9E805C6B267F0E17ED3 /* [CP] Embed Pods Frameworks */,
				1D09914F278811B6000CF5C4 /* ShellScript */,
			);
			buildRules = (
			);
			dependencies = (
			);
			name = EveryMe;
			productName = EveryMe;
			productReference = 1DDCFAF327880EB200F5214A /* EveryMe.app */;
			productType = "com.apple.product-type.application";
		};
/* End PBXNativeTarget section */

/* Begin PBXProject section */
		1DDCFAEB27880EB200F5214A /* Project object */ = {
			isa = PBXProject;
			attributes = {
				BuildIndependentTargetsInParallel = 1;
				LastSwiftUpdateCheck = 1300;
				LastUpgradeCheck = 1300;
				TargetAttributes = {
					1DDCFAF227880EB200F5214A = {
						CreatedOnToolsVersion = 13.0;
					};
				};
			};
			buildConfigurationList = 1DDCFAEE27880EB200F5214A /* Build configuration list for PBXProject "EveryMe" */;
			compatibilityVersion = "Xcode 13.0";
			developmentRegion = en;
			hasScannedForEncodings = 0;
			knownRegions = (
				en,
				Base,
			);
			mainGroup = 1DDCFAEA27880EB200F5214A;
			productRefGroup = 1DDCFAF427880EB200F5214A /* Products */;
			projectDirPath = "";
			projectRoot = "";
			targets = (
				1DDCFAF227880EB200F5214A /* EveryMe */,
			);
		};
/* End PBXProject section */

/* Begin PBXResourcesBuildPhase section */
		1DDCFAF127880EB200F5214A /* Resources */ = {
			isa = PBXResourcesBuildPhase;
			buildActionMask = 2147483647;
			files = (
				1DDCFB0327880EB300F5214A /* LaunchScreen.storyboard in Resources */,
				1DDCFB0027880EB300F5214A /* Assets.xcassets in Resources */,
			);
			runOnlyForDeploymentPostprocessing = 0;
		};
/* End PBXResourcesBuildPhase section */

/* Begin PBXShellScriptBuildPhase section */
		0FA3E9E805C6B267F0E17ED3 /* [CP] Embed Pods Frameworks */ = {
			isa = PBXShellScriptBuildPhase;
			buildActionMask = 2147483647;
			files = (
			);
			inputFileListPaths = (
				"${PODS_ROOT}/Target Support Files/Pods-EveryMe/Pods-EveryMe-frameworks-${CONFIGURATION}-input-files.xcfilelist",
			);
			name = "[CP] Embed Pods Frameworks";
			outputFileListPaths = (
				"${PODS_ROOT}/Target Support Files/Pods-EveryMe/Pods-EveryMe-frameworks-${CONFIGURATION}-output-files.xcfilelist",
			);
			runOnlyForDeploymentPostprocessing = 0;
			shellPath = /bin/sh;
			shellScript = "\"${PODS_ROOT}/Target Support Files/Pods-EveryMe/Pods-EveryMe-frameworks.sh\"\n";
			showEnvVarsInLog = 0;
		};
		152A51D498A06F2970BF80C0 /* [CP] Check Pods Manifest.lock */ = {
			isa = PBXShellScriptBuildPhase;
			buildActionMask = 2147483647;
			files = (
			);
			inputFileListPaths = (
			);
			inputPaths = (
				"${PODS_PODFILE_DIR_PATH}/Podfile.lock",
				"${PODS_ROOT}/Manifest.lock",
			);
			name = "[CP] Check Pods Manifest.lock";
			outputFileListPaths = (
			);
			outputPaths = (
				"$(DERIVED_FILE_DIR)/Pods-EveryMe-checkManifestLockResult.txt",
			);
			runOnlyForDeploymentPostprocessing = 0;
			shellPath = /bin/sh;
			shellScript = "diff \"${PODS_PODFILE_DIR_PATH}/Podfile.lock\" \"${PODS_ROOT}/Manifest.lock\" > /dev/null\nif [ $? != 0 ] ; then\n    # print error to STDERR\n    echo \"error: The sandbox is not in sync with the Podfile.lock. Run 'pod install' or update your CocoaPods installation.\" >&2\n    exit 1\nfi\n# This output is used by Xcode 'outputs' to avoid re-running this script phase.\necho \"SUCCESS\" > \"${SCRIPT_OUTPUT_FILE_0}\"\n";
			showEnvVarsInLog = 0;
		};
		1D09914F278811B6000CF5C4 /* ShellScript */ = {
			isa = PBXShellScriptBuildPhase;
			buildActionMask = 2147483647;
			files = (
			);
			inputFileListPaths = (
			);
			inputPaths = (
			);
			outputFileListPaths = (
			);
			outputPaths = (
			);
			runOnlyForDeploymentPostprocessing = 0;
			shellPath = /bin/sh;
			shellScript = "if which swiftlint >/dev/null; then\n  swiftlint\nelse\n  echo \"warning: SwiftLint not installed, download from https://github.com/realm/SwiftLint\"\nfi\n";
		};
/* End PBXShellScriptBuildPhase section */

/* Begin PBXSourcesBuildPhase section */
		1DDCFAEF27880EB200F5214A /* Sources */ = {
			isa = PBXSourcesBuildPhase;
			buildActionMask = 2147483647;
			files = (
				1D099151278812AF000CF5C4 /* PhotoListViewController.swift in Sources */,
				1D09915C27883AB6000CF5C4 /* PhotoListViewCoordinator.swift in Sources */,
				1D09915A27883AAB000CF5C4 /* PhotoListViewModel.swift in Sources */,
				1DEC9710278DB6D4006EC302 /* Appearances.swift in Sources */,
				1D099155278837DE000CF5C4 /* CoordinatableViewModel.swift in Sources */,
				1D09915E27884143000CF5C4 /* AppCoordinator.swift in Sources */,
				1DDCFAF727880EB200F5214A /* AppDelegate.swift in Sources */,
				1D0991572788381B000CF5C4 /* AnyCoordinator.swift in Sources */,
				1D099161278843DE000CF5C4 /* UIControlPublisher.swift in Sources */,
				1D099163278843FA000CF5C4 /* UIGestureRecognizerPublisher.swift in Sources */,
				1DDCFAF927880EB200F5214A /* SceneDelegate.swift in Sources */,
				1DE2D1542789E78600715D77 /* PhotoListCell.swift in Sources */,
			);
			runOnlyForDeploymentPostprocessing = 0;
		};
/* End PBXSourcesBuildPhase section */

/* Begin PBXVariantGroup section */
		1DDCFB0127880EB300F5214A /* LaunchScreen.storyboard */ = {
			isa = PBXVariantGroup;
			children = (
				1DDCFB0227880EB300F5214A /* Base */,
			);
			name = LaunchScreen.storyboard;
			sourceTree = "<group>";
		};
/* End PBXVariantGroup section */

/* Begin XCBuildConfiguration section */
		1DDCFB0527880EB300F5214A /* Debug */ = {
			isa = XCBuildConfiguration;
			buildSettings = {
				ALWAYS_SEARCH_USER_PATHS = NO;
				CLANG_ANALYZER_NONNULL = YES;
				CLANG_ANALYZER_NUMBER_OBJECT_CONVERSION = YES_AGGRESSIVE;
				CLANG_CXX_LANGUAGE_STANDARD = "gnu++17";
				CLANG_CXX_LIBRARY = "libc++";
				CLANG_ENABLE_MODULES = YES;
				CLANG_ENABLE_OBJC_ARC = YES;
				CLANG_ENABLE_OBJC_WEAK = YES;
				CLANG_WARN_BLOCK_CAPTURE_AUTORELEASING = YES;
				CLANG_WARN_BOOL_CONVERSION = YES;
				CLANG_WARN_COMMA = YES;
				CLANG_WARN_CONSTANT_CONVERSION = YES;
				CLANG_WARN_DEPRECATED_OBJC_IMPLEMENTATIONS = YES;
				CLANG_WARN_DIRECT_OBJC_ISA_USAGE = YES_ERROR;
				CLANG_WARN_DOCUMENTATION_COMMENTS = YES;
				CLANG_WARN_EMPTY_BODY = YES;
				CLANG_WARN_ENUM_CONVERSION = YES;
				CLANG_WARN_INFINITE_RECURSION = YES;
				CLANG_WARN_INT_CONVERSION = YES;
				CLANG_WARN_NON_LITERAL_NULL_CONVERSION = YES;
				CLANG_WARN_OBJC_IMPLICIT_RETAIN_SELF = YES;
				CLANG_WARN_OBJC_LITERAL_CONVERSION = YES;
				CLANG_WARN_OBJC_ROOT_CLASS = YES_ERROR;
				CLANG_WARN_QUOTED_INCLUDE_IN_FRAMEWORK_HEADER = YES;
				CLANG_WARN_RANGE_LOOP_ANALYSIS = YES;
				CLANG_WARN_STRICT_PROTOTYPES = YES;
				CLANG_WARN_SUSPICIOUS_MOVE = YES;
				CLANG_WARN_UNGUARDED_AVAILABILITY = YES_AGGRESSIVE;
				CLANG_WARN_UNREACHABLE_CODE = YES;
				CLANG_WARN__DUPLICATE_METHOD_MATCH = YES;
				COPY_PHASE_STRIP = NO;
				DEBUG_INFORMATION_FORMAT = dwarf;
				ENABLE_STRICT_OBJC_MSGSEND = YES;
				ENABLE_TESTABILITY = YES;
				GCC_C_LANGUAGE_STANDARD = gnu11;
				GCC_DYNAMIC_NO_PIC = NO;
				GCC_NO_COMMON_BLOCKS = YES;
				GCC_OPTIMIZATION_LEVEL = 0;
				GCC_PREPROCESSOR_DEFINITIONS = (
					"DEBUG=1",
					"$(inherited)",
				);
				GCC_WARN_64_TO_32_BIT_CONVERSION = YES;
				GCC_WARN_ABOUT_RETURN_TYPE = YES_ERROR;
				GCC_WARN_UNDECLARED_SELECTOR = YES;
				GCC_WARN_UNINITIALIZED_AUTOS = YES_AGGRESSIVE;
				GCC_WARN_UNUSED_FUNCTION = YES;
				GCC_WARN_UNUSED_VARIABLE = YES;
				IPHONEOS_DEPLOYMENT_TARGET = 13.0;
				MTL_ENABLE_DEBUG_INFO = INCLUDE_SOURCE;
				MTL_FAST_MATH = YES;
				ONLY_ACTIVE_ARCH = YES;
				SDKROOT = iphoneos;
				SWIFT_ACTIVE_COMPILATION_CONDITIONS = DEBUG;
				SWIFT_OPTIMIZATION_LEVEL = "-Onone";
			};
			name = Debug;
		};
		1DDCFB0627880EB300F5214A /* Release */ = {
			isa = XCBuildConfiguration;
			buildSettings = {
				ALWAYS_SEARCH_USER_PATHS = NO;
				CLANG_ANALYZER_NONNULL = YES;
				CLANG_ANALYZER_NUMBER_OBJECT_CONVERSION = YES_AGGRESSIVE;
				CLANG_CXX_LANGUAGE_STANDARD = "gnu++17";
				CLANG_CXX_LIBRARY = "libc++";
				CLANG_ENABLE_MODULES = YES;
				CLANG_ENABLE_OBJC_ARC = YES;
				CLANG_ENABLE_OBJC_WEAK = YES;
				CLANG_WARN_BLOCK_CAPTURE_AUTORELEASING = YES;
				CLANG_WARN_BOOL_CONVERSION = YES;
				CLANG_WARN_COMMA = YES;
				CLANG_WARN_CONSTANT_CONVERSION = YES;
				CLANG_WARN_DEPRECATED_OBJC_IMPLEMENTATIONS = YES;
				CLANG_WARN_DIRECT_OBJC_ISA_USAGE = YES_ERROR;
				CLANG_WARN_DOCUMENTATION_COMMENTS = YES;
				CLANG_WARN_EMPTY_BODY = YES;
				CLANG_WARN_ENUM_CONVERSION = YES;
				CLANG_WARN_INFINITE_RECURSION = YES;
				CLANG_WARN_INT_CONVERSION = YES;
				CLANG_WARN_NON_LITERAL_NULL_CONVERSION = YES;
				CLANG_WARN_OBJC_IMPLICIT_RETAIN_SELF = YES;
				CLANG_WARN_OBJC_LITERAL_CONVERSION = YES;
				CLANG_WARN_OBJC_ROOT_CLASS = YES_ERROR;
				CLANG_WARN_QUOTED_INCLUDE_IN_FRAMEWORK_HEADER = YES;
				CLANG_WARN_RANGE_LOOP_ANALYSIS = YES;
				CLANG_WARN_STRICT_PROTOTYPES = YES;
				CLANG_WARN_SUSPICIOUS_MOVE = YES;
				CLANG_WARN_UNGUARDED_AVAILABILITY = YES_AGGRESSIVE;
				CLANG_WARN_UNREACHABLE_CODE = YES;
				CLANG_WARN__DUPLICATE_METHOD_MATCH = YES;
				COPY_PHASE_STRIP = NO;
				DEBUG_INFORMATION_FORMAT = "dwarf-with-dsym";
				ENABLE_NS_ASSERTIONS = NO;
				ENABLE_STRICT_OBJC_MSGSEND = YES;
				GCC_C_LANGUAGE_STANDARD = gnu11;
				GCC_NO_COMMON_BLOCKS = YES;
				GCC_WARN_64_TO_32_BIT_CONVERSION = YES;
				GCC_WARN_ABOUT_RETURN_TYPE = YES_ERROR;
				GCC_WARN_UNDECLARED_SELECTOR = YES;
				GCC_WARN_UNINITIALIZED_AUTOS = YES_AGGRESSIVE;
				GCC_WARN_UNUSED_FUNCTION = YES;
				GCC_WARN_UNUSED_VARIABLE = YES;
				IPHONEOS_DEPLOYMENT_TARGET = 13.0;
				MTL_ENABLE_DEBUG_INFO = NO;
				MTL_FAST_MATH = YES;
				SDKROOT = iphoneos;
				SWIFT_COMPILATION_MODE = wholemodule;
				SWIFT_OPTIMIZATION_LEVEL = "-O";
				VALIDATE_PRODUCT = YES;
			};
			name = Release;
		};
		1DDCFB0827880EB300F5214A /* Debug */ = {
			isa = XCBuildConfiguration;
			baseConfigurationReference = AF9E39BD5F47B85334E49A1D /* Pods-EveryMe.debug.xcconfig */;
			buildSettings = {
				ASSETCATALOG_COMPILER_APPICON_NAME = AppIcon;
				ASSETCATALOG_COMPILER_GLOBAL_ACCENT_COLOR_NAME = AccentColor;
				CODE_SIGN_STYLE = Automatic;
				CURRENT_PROJECT_VERSION = 1;
				DEVELOPMENT_TEAM = 5HZQ3M82FA;
				GENERATE_INFOPLIST_FILE = YES;
				INFOPLIST_FILE = EveryMe/Resources/Info.plist;
				INFOPLIST_KEY_UIApplicationSupportsIndirectInputEvents = YES;
				INFOPLIST_KEY_UILaunchStoryboardName = LaunchScreen;
				INFOPLIST_KEY_UISupportedInterfaceOrientations_iPad = "UIInterfaceOrientationPortrait UIInterfaceOrientationPortraitUpsideDown UIInterfaceOrientationLandscapeLeft UIInterfaceOrientationLandscapeRight";
				INFOPLIST_KEY_UISupportedInterfaceOrientations_iPhone = UIInterfaceOrientationPortrait;
				IPHONEOS_DEPLOYMENT_TARGET = 13.0;
				LD_RUNPATH_SEARCH_PATHS = (
					"$(inherited)",
					"@executable_path/Frameworks",
				);
				MARKETING_VERSION = 1.0;
				PRODUCT_BUNDLE_IDENTIFIER = com.seunghun.EveryMe;
				PRODUCT_NAME = "$(TARGET_NAME)";
				SWIFT_EMIT_LOC_STRINGS = YES;
				SWIFT_VERSION = 5.0;
				TARGETED_DEVICE_FAMILY = 1;
			};
			name = Debug;
		};
		1DDCFB0927880EB300F5214A /* Release */ = {
			isa = XCBuildConfiguration;
			baseConfigurationReference = 1CFB19808633FD167704CD9C /* Pods-EveryMe.release.xcconfig */;
			buildSettings = {
				ASSETCATALOG_COMPILER_APPICON_NAME = AppIcon;
				ASSETCATALOG_COMPILER_GLOBAL_ACCENT_COLOR_NAME = AccentColor;
				CODE_SIGN_STYLE = Automatic;
				CURRENT_PROJECT_VERSION = 1;
				DEVELOPMENT_TEAM = 5HZQ3M82FA;
				GENERATE_INFOPLIST_FILE = YES;
				INFOPLIST_FILE = EveryMe/Resources/Info.plist;
				INFOPLIST_KEY_UIApplicationSupportsIndirectInputEvents = YES;
				INFOPLIST_KEY_UILaunchStoryboardName = LaunchScreen;
				INFOPLIST_KEY_UISupportedInterfaceOrientations_iPad = "UIInterfaceOrientationPortrait UIInterfaceOrientationPortraitUpsideDown UIInterfaceOrientationLandscapeLeft UIInterfaceOrientationLandscapeRight";
				INFOPLIST_KEY_UISupportedInterfaceOrientations_iPhone = UIInterfaceOrientationPortrait;
				IPHONEOS_DEPLOYMENT_TARGET = 13.0;
				LD_RUNPATH_SEARCH_PATHS = (
					"$(inherited)",
					"@executable_path/Frameworks",
				);
				MARKETING_VERSION = 1.0;
				PRODUCT_BUNDLE_IDENTIFIER = com.seunghun.EveryMe;
				PRODUCT_NAME = "$(TARGET_NAME)";
				SWIFT_EMIT_LOC_STRINGS = YES;
				SWIFT_VERSION = 5.0;
				TARGETED_DEVICE_FAMILY = 1;
			};
			name = Release;
		};
/* End XCBuildConfiguration section */

/* Begin XCConfigurationList section */
		1DDCFAEE27880EB200F5214A /* Build configuration list for PBXProject "EveryMe" */ = {
			isa = XCConfigurationList;
			buildConfigurations = (
				1DDCFB0527880EB300F5214A /* Debug */,
				1DDCFB0627880EB300F5214A /* Release */,
			);
			defaultConfigurationIsVisible = 0;
			defaultConfigurationName = Release;
		};
		1DDCFB0727880EB300F5214A /* Build configuration list for PBXNativeTarget "EveryMe" */ = {
			isa = XCConfigurationList;
			buildConfigurations = (
				1DDCFB0827880EB300F5214A /* Debug */,
				1DDCFB0927880EB300F5214A /* Release */,
			);
			defaultConfigurationIsVisible = 0;
			defaultConfigurationName = Release;
		};
/* End XCConfigurationList section */
	};
	rootObject = 1DDCFAEB27880EB200F5214A /* Project object */;
}
